
Microsoft Visual Studio Solution File, Format Version 11.00
# Visual Studio 2010
Project("{FAE04EC0-301F-11D3-BF4B-00C04F79EFBC}") = "NDES", "NDES\NDES.csproj", "{58371816-94A8-433F-A343-11C6A08F033D}"
EndProject
Global
	GlobalSection(SolutionConfigurationPlatforms) = preSolution
		Debug|Any CPU = Debug|Any CPU
		Release|Any CPU = Release|Any CPU
	EndGlobalSection
	GlobalSection(ProjectConfigurationPlatforms) = postSolution
		{58371816-94A8-433F-A343-11C6A08F033D}.Debug|Any CPU.ActiveCfg = Debug|Any CPU
		{58371816-94A8-433F-A343-11C6A08F033D}.Debug|Any CPU.Build.0 = Debug|Any CPU
		{58371816-94A8-433F-A343-11C6A08F033D}.Release|Any CPU.ActiveCfg = Release|Any CPU
		{58371816-94A8-433F-A343-11C6A08F033D}.Release|Any CPU.Build.0 = Release|Any CPU
	EndGlobalSection
	GlobalSection(SolutionProperties) = preSolution
		HideSolutionNode = FALSE
	EndGlobalSection
EndGlobal
